<?xml version="1.0" encoding="utf-8"?>
<Project ToolsVersion="4.0" xmlns="http://schemas.microsoft.com/developer/msbuild/2003">
  <ItemGroup>
    <Filter Include="Form Files">
      <UniqueIdentifier>{99349809-55BA-4b9d-BF79-8FDBB0286EB3}</UniqueIdentifier>
      <Extensions>ui</Extensions>
      <ParseFiles>false</ParseFiles>
    </Filter>
    <Filter Include="Form Files">
      <UniqueIdentifier>{99349809-55BA-4b9d-BF79-8FDBB0286EB3}</UniqueIdentifier>
      <Extensions>ui</Extensions>
      <ParseFiles>false</ParseFiles>
    </Filter>
    <Filter Include="Generated Files">
      <UniqueIdentifier>{71ED8ED8-ACB9-4CE9-BBE1-E00B30144E11}</UniqueIdentifier>
      <Extensions>cpp;c;cxx;moc;h;def;odl;idl;res;</Extensions>
    </Filter>
    <Filter Include="Generated Files">
      <UniqueIdentifier>{71ED8ED8-ACB9-4CE9-BBE1-E00B30144E11}</UniqueIdentifier>
      <Extensions>cpp;c;cxx;moc;h;def;odl;idl;res;</Extensions>
    </Filter>
    <Filter Include="Header Files">
      <UniqueIdentifier>{93995380-89BD-4b04-88EB-625FBE52EBFB}</UniqueIdentifier>
      <Extensions>h;hpp;hxx;hm;inl;inc;xsd</Extensions>
    </Filter>
    <Filter Include="Header Files">
      <UniqueIdentifier>{93995380-89BD-4b04-88EB-625FBE52EBFB}</UniqueIdentifier>
      <Extensions>h;hpp;hxx;hm;inl;inc;xsd</Extensions>
    </Filter>
    <Filter Include="Resource Files">
      <UniqueIdentifier>{D9D6E242-F8AF-46E4-B9FD-80ECBC20BA3E}</UniqueIdentifier>
      <Extensions>qrc;*</Extensions>
      <ParseFiles>false</ParseFiles>
    </Filter>
    <Filter Include="Resource Files">
      <UniqueIdentifier>{D9D6E242-F8AF-46E4-B9FD-80ECBC20BA3E}</UniqueIdentifier>
      <Extensions>qrc;*</Extensions>
      <ParseFiles>false</ParseFiles>
    </Filter>
    <Filter Include="Source Files">
      <UniqueIdentifier>{4FC737F1-C7A5-4376-A066-2A32D752A2FF}</UniqueIdentifier>
      <Extensions>cpp;c;cxx;def;odl;idl;hpj;bat;asm;asmx</Extensions>
    </Filter>
    <Filter Include="Source Files">
      <UniqueIdentifier>{4FC737F1-C7A5-4376-A066-2A32D752A2FF}</UniqueIdentifier>
      <Extensions>cpp;c;cxx;def;odl;idl;hpj;bat;asm;asmx</Extensions>
    </Filter>
    <Filter Include="Generated Files\Debug">
      <UniqueIdentifier>{81afa4b6-6cfd-458d-be3c-55c21aac9e0f}</UniqueIdentifier>
      <Extensions>cpp;moc</Extensions>
      <SourceControlFiles>False</SourceControlFiles>
    </Filter>
    <Filter Include="Generated Files\Release">
      <UniqueIdentifier>{a015debb-03d3-4be9-a042-21d59a8e04eb}</UniqueIdentifier>
      <Extensions>cpp;moc</Extensions>
      <SourceControlFiles>False</SourceControlFiles>
    </Filter>
  </ItemGroup>
  <ItemGroup>
    <ClCompile Include="CustomTitleWidget\customtitle.cpp">
      <Filter>Source Files</Filter>
    </ClCompile>
    <ClCompile Include="CustomTitleWidget\frmmain.cpp">
      <Filter>Source Files</Filter>
    </ClCompile>
    <ClCompile Include="CustomTitleWidget\frmmessagebox.cpp">
      <Filter>Source Files</Filter>
    </ClCompile>
    <ClCompile Include="CustomTitleWidget\iconhelper.cpp">
      <Filter>Source Files</Filter>
    </ClCompile>
    <ClCompile Include="main.cpp">
      <Filter>Source Files</Filter>
    </ClCompile>
    <ClCompile Include="surfacestyle.cpp">
      <Filter>Source Files</Filter>
    </ClCompile>
    <ClCompile Include="videoplayer.cpp">
      <Filter>Source Files</Filter>
    </ClCompile>
    <ClCompile Include="videoplayer_showvideowidget.cpp">
      <Filter>Source Files</Filter>
    </ClCompile>
    <ClCompile Include="videoplayer_thread.cpp">
      <Filter>Source Files</Filter>
    </ClCompile>
    <ClCompile Include="videoslider.cpp">
      <Filter>Source Files</Filter>
    </ClCompile>
    <ClCompile Include="volumeslider.cpp">
      <Filter>Source Files</Filter>
    </ClCompile>
    <ClCompile Include="Debug\moc_customtitle.cpp">
      <Filter>Generated Files\Debug</Filter>
    </ClCompile>
    <ClCompile Include="Release\moc_customtitle.cpp">
      <Filter>Generated Files\Release</Filter>
    </ClCompile>
    <ClCompile Include="Debug\moc_frmmain.cpp">
      <Filter>Generated Files\Debug</Filter>
    </ClCompile>
    <ClCompile Include="Release\moc_frmmain.cpp">
      <Filter>Generated Files\Release</Filter>
    </ClCompile>
    <ClCompile Include="Debug\moc_frmmessagebox.cpp">
      <Filter>Generated Files\Debug</Filter>
    </ClCompile>
    <ClCompile Include="Release\moc_frmmessagebox.cpp">
      <Filter>Generated Files\Release</Filter>
    </ClCompile>
    <ClCompile Include="Debug\moc_surfacestyle.cpp">
      <Filter>Generated Files\Debug</Filter>
    </ClCompile>
    <ClCompile Include="Release\moc_surfacestyle.cpp">
      <Filter>Generated Files\Release</Filter>
    </ClCompile>
    <ClCompile Include="Debug\moc_videoplayer.cpp">
      <Filter>Generated Files\Debug</Filter>
    </ClCompile>
    <ClCompile Include="Release\moc_videoplayer.cpp">
      <Filter>Generated Files\Release</Filter>
    </ClCompile>
    <ClCompile Include="Debug\moc_videoplayer_showvideowidget.cpp">
      <Filter>Generated Files\Debug</Filter>
    </ClCompile>
    <ClCompile Include="Release\moc_videoplayer_showvideowidget.cpp">
      <Filter>Generated Files\Release</Filter>
    </ClCompile>
    <ClCompile Include="Debug\moc_videoplayer_thread.cpp">
      <Filter>Generated Files\Debug</Filter>
    </ClCompile>
    <ClCompile Include="Release\moc_videoplayer_thread.cpp">
      <Filter>Generated Files\Release</Filter>
    </ClCompile>
    <ClCompile Include="Debug\moc_videoslider.cpp">
      <Filter>Generated Files\Debug</Filter>
    </ClCompile>
    <ClCompile Include="Release\moc_videoslider.cpp">
      <Filter>Generated Files\Release</Filter>
    </ClCompile>
    <ClCompile Include="Debug\moc_volumeslider.cpp">
      <Filter>Generated Files\Debug</Filter>
    </ClCompile>
    <ClCompile Include="Release\moc_volumeslider.cpp">
      <Filter>Generated Files\Release</Filter>
    </ClCompile>
    <ClCompile Include="GeneratedFiles\qrc_image.cpp">
      <Filter>Generated Files</Filter>
    </ClCompile>
    <ClCompile Include="GeneratedFiles\qrc_rc.cpp">
      <Filter>Generated Files</Filter>
    </ClCompile>
  </ItemGroup>
  <ItemGroup>
    <CustomBuild Include="CustomTitleWidget\customtitle.h">
      <Filter>Header Files</Filter>
    </CustomBuild>
    <CustomBuild Include="CustomTitleWidget\frmmain.h">
      <Filter>Header Files</Filter>
    </CustomBuild>
    <CustomBuild Include="CustomTitleWidget\frmmessagebox.h">
      <Filter>Header Files</Filter>
    </CustomBuild>
    <ClInclude Include="CustomTitleWidget\iconhelper.h">
      <Filter>Header Files</Filter>
    </ClInclude>
    <ClInclude Include="CustomTitleWidget\myhelper.h">
      <Filter>Header Files</Filter>
    </ClInclude>
    <CustomBuild Include="surfacestyle.h">
      <Filter>Header Files</Filter>
    </CustomBuild>
    <CustomBuild Include="videoplayer.h">
      <Filter>Header Files</Filter>
    </CustomBuild>
    <CustomBuild Include="videoplayer_showvideowidget.h">
      <Filter>Header Files</Filter>
    </CustomBuild>
    <CustomBuild Include="videoplayer_thread.h">
      <Filter>Header Files</Filter>
    </CustomBuild>
    <CustomBuild Include="videoslider.h">
      <Filter>Header Files</Filter>
    </CustomBuild>
    <CustomBuild Include="volumeslider.h">
      <Filter>Header Files</Filter>
    </CustomBuild>
  </ItemGroup>
  <ItemGroup>
    <CustomBuild Include="CustomTitleWidget\customtitle.ui">
      <Filter>Form Files</Filter>
    </CustomBuild>
    <CustomBuild Include="CustomTitleWidget\frmmain.ui">
      <Filter>Form Files</Filter>
    </CustomBuild>
    <CustomBuild Include="CustomTitleWidget\frmmessagebox.ui">
      <Filter>Form Files</Filter>
    </CustomBuild>
    <CustomBuild Include="surfacestyle.ui">
      <Filter>Form Files</Filter>
    </CustomBuild>
    <CustomBuild Include="videoplayer.ui">
      <Filter>Form Files</Filter>
    </CustomBuild>
    <CustomBuild Include="videoplayer_showvideowidget.ui">
      <Filter>Form Files</Filter>
    </CustomBuild>
  </ItemGroup>
  <ItemGroup>
    <None Include="CustomTitleWidget\image\add-line_horizontal.png">
      <Filter>Resource Files</Filter>
    </None>
    <None Include="CustomTitleWidget\image\add-line_vertical.png">
      <Filter>Resource Files</Filter>
    </None>
    <None Include="CustomTitleWidget\image\array_down.png">
      <Filter>Resource Files</Filter>
    </None>
    <None Include="CustomTitleWidget\image\black.css">
      <Filter>Resource Files</Filter>
    </None>
    <None Include="CustomTitleWidget\image\blue.css">
      <Filter>Resource Files</Filter>
    </None>
    <None Include="CustomTitleWidget\image\checkbox_checked.png">
      <Filter>Resource Files</Filter>
    </None>
    <None Include="CustomTitleWidget\image\checkbox_unchecked.png">
      <Filter>Resource Files</Filter>
    </None>
    <None Include="CustomTitleWidget\image\error.png">
      <Filter>Resource Files</Filter>
    </None>
    <None Include="CustomTitleWidget\image\fontawesome-webfont.ttf">
      <Filter>Resource Files</Filter>
    </None>
    <None Include="CustomTitleWidget\image\gray.css">
      <Filter>Resource Files</Filter>
    </None>
    <CustomBuild Include="image.qrc">
      <Filter>Resource Files</Filter>
    </CustomBuild>
    <None Include="CustomTitleWidget\image\info.png">
      <Filter>Resource Files</Filter>
    </None>
    <None Include="CustomTitleWidget\image\navy.css">
      <Filter>Resource Files</Filter>
    </None>
    <None Include="image\open_focus.png">
      <Filter>Resource Files</Filter>
    </None>
    <None Include="image\open_normal.png">
      <Filter>Resource Files</Filter>
    </None>
    <None Include="image\pause1_normal.png">
      <Filter>Resource Files</Filter>
    </None>
    <None Include="image\pause_focus.png">
      <Filter>Resource Files</Filter>
    </None>
    <None Include="image\pause_normal.png">
      <Filter>Resource Files</Filter>
    </None>
    <None Include="CustomTitleWidget\image\qt_zh_CN.qm">
      <Filter>Resource Files</Filter>
    </None>
    <None Include="CustomTitleWidget\image\question.png">
      <Filter>Resource Files</Filter>
    </None>
    <None Include="CustomTitleWidget\image\radio_normal.png">
      <Filter>Resource Files</Filter>
    </None>
    <None Include="CustomTitleWidget\image\radio_selected.png">
      <Filter>Resource Files</Filter>
    </None>
    <CustomBuild Include="CustomTitleWidget\rc.qrc">
      <Filter>Resource Files</Filter>
    </CustomBuild>
    <None Include="image\start1_normal.png">
      <Filter>Resource Files</Filter>
    </None>
    <None Include="image\start_focus.png">
      <Filter>Resource Files</Filter>
    </None>
    <None Include="image\start_normal.png">
      <Filter>Resource Files</Filter>
    </None>
    <None Include="CustomTitleWidget\image\sub-line_horizontal.png">
      <Filter>Resource Files</Filter>
    </None>
    <None Include="CustomTitleWidget\image\sub-line_vertical.png">
      <Filter>Resource Files</Filter>
    </None>
    <None Include="image\volume_noV.png">
      <Filter>Resource Files</Filter>
    </None>
  </ItemGroup>
  <ItemGroup>
    <ClInclude Include="GeneratedFiles\ui_customtitle.h">
      <Filter>Generated Files</Filter>
    </ClInclude>
    <ClInclude Include="GeneratedFiles\ui_frmmain.h">
      <Filter>Generated Files</Filter>
    </ClInclude>
    <ClInclude Include="GeneratedFiles\ui_frmmessagebox.h">
      <Filter>Generated Files</Filter>
    </ClInclude>
    <ClInclude Include="GeneratedFiles\ui_surfacestyle.h">
      <Filter>Generated Files</Filter>
    </ClInclude>
    <ClInclude Include="GeneratedFiles\ui_videoplayer.h">
      <Filter>Generated Files</Filter>
    </ClInclude>
    <ClInclude Include="GeneratedFiles\ui_videoplayer_showvideowidget.h">
      <Filter>Generated Files</Filter>
    </ClInclude>
  </ItemGroup>
</Project>